
Microsoft Visual Studio Solution File, Format Version 12.00
# Visual Studio Version 17
VisualStudioVersion = 17.6.33829.357
MinimumVisualStudioVersion = 10.0.40219.1
Project("{FAE04EC0-301F-11D3-BF4B-00C04F79EFBC}") = "Sae 1.01 1.02", "Sae 1.01 1.02\Sae 1.01 1.02.csproj", "{AD506B70-08C0-4D15-B2DB-7EFF4BCADA27}"
EndProject
Global
	GlobalSection(SolutionConfigurationPlatforms) = preSolution
		Debug|Any CPU = Debug|Any CPU
		Release|Any CPU = Release|Any CPU
	EndGlobalSection
	GlobalSection(ProjectConfigurationPlatforms) = postSolution
		{AD506B70-08C0-4D15-B2DB-7EFF4BCADA27}.Debug|Any CPU.ActiveCfg = Debug|Any CPU
		{AD506B70-08C0-4D15-B2DB-7EFF4BCADA27}.Debug|Any CPU.Build.0 = Debug|Any CPU
		{AD506B70-08C0-4D15-B2DB-7EFF4BCADA27}.Release|Any CPU.ActiveCfg = Release|Any CPU
		{AD506B70-08C0-4D15-B2DB-7EFF4BCADA27}.Release|Any CPU.Build.0 = Release|Any CPU
	EndGlobalSection
	GlobalSection(SolutionProperties) = preSolution
		HideSolutionNode = FALSE
	EndGlobalSection
	GlobalSection(ExtensibilityGlobals) = postSolution
		SolutionGuid = {B57C4CB7-DA8A-4898-A132-52D252628EB8}
	EndGlobalSection
EndGlobal
